
Microsoft Visual Studio Solution File, Format Version 12.00
# Visual Studio Version 16
VisualStudioVersion = 16.0.30204.135
MinimumVisualStudioVersion = 10.0.40219.1
Project("{FAE04EC0-301F-11D3-BF4B-00C04F79EFBC}") = "MoqDemoTests", "MoqDemoTests\MoqDemoTests.csproj", "{C4099B23-FF4E-4284-8E92-3525009B94AE}"
EndProject
Project("{FAE04EC0-301F-11D3-BF4B-00C04F79EFBC}") = "DemoLibrary", "DemoLibrary\DemoLibrary.csproj", "{C0B7F6CB-375B-44E3-A340-17C15A6A884F}"
EndProject
Project("{FAE04EC0-301F-11D3-BF4B-00C04F79EFBC}") = "ConsoleUI", "ConsoleUI\ConsoleUI.csproj", "{38EE4198-F4A5-4156-BD42-0164BFFED1EC}"
EndProject
Global
	GlobalSection(SolutionConfigurationPlatforms) = preSolution
		Debug|Any CPU = Debug|Any CPU
		Release|Any CPU = Release|Any CPU
	EndGlobalSection
	GlobalSection(ProjectConfigurationPlatforms) = postSolution
		{C4099B23-FF4E-4284-8E92-3525009B94AE}.Debug|Any CPU.ActiveCfg = Debug|Any CPU
		{C4099B23-FF4E-4284-8E92-3525009B94AE}.Debug|Any CPU.Build.0 = Debug|Any CPU
		{C4099B23-FF4E-4284-8E92-3525009B94AE}.Release|Any CPU.ActiveCfg = Release|Any CPU
		{C4099B23-FF4E-4284-8E92-3525009B94AE}.Release|Any CPU.Build.0 = Release|Any CPU
		{C0B7F6CB-375B-44E3-A340-17C15A6A884F}.Debug|Any CPU.ActiveCfg = Debug|Any CPU
		{C0B7F6CB-375B-44E3-A340-17C15A6A884F}.Debug|Any CPU.Build.0 = Debug|Any CPU
		{C0B7F6CB-375B-44E3-A340-17C15A6A884F}.Release|Any CPU.ActiveCfg = Release|Any CPU
		{C0B7F6CB-375B-44E3-A340-17C15A6A884F}.Release|Any CPU.Build.0 = Release|Any CPU
		{38EE4198-F4A5-4156-BD42-0164BFFED1EC}.Debug|Any CPU.ActiveCfg = Debug|Any CPU
		{38EE4198-F4A5-4156-BD42-0164BFFED1EC}.Debug|Any CPU.Build.0 = Debug|Any CPU
		{38EE4198-F4A5-4156-BD42-0164BFFED1EC}.Release|Any CPU.ActiveCfg = Release|Any CPU
		{38EE4198-F4A5-4156-BD42-0164BFFED1EC}.Release|Any CPU.Build.0 = Release|Any CPU
	EndGlobalSection
	GlobalSection(SolutionProperties) = preSolution
		HideSolutionNode = FALSE
	EndGlobalSection
	GlobalSection(ExtensibilityGlobals) = postSolution
		SolutionGuid = {4067EB23-6A2D-4FBF-8DC9-58471DD3402E}
	EndGlobalSection
EndGlobal
